Microsoft Visual Studio Solution File, Format Version 11.00
# Visual Studio 2008

Project("{86930460-AFA4-E3C7-5B36-AF4EC6073C96}") = "InfiniteRunner", "Assembly-CSharp-vs.csproj", "{9521920E-A3D1-01C8-0D29-8FF8E759F64F}"
EndProject
Project("{86930460-AFA4-E3C7-5B36-AF4EC6073C96}") = "InfiniteRunner", "Assembly-CSharp-Editor-vs.csproj", "{71CEB3C9-E6CE-22FA-A6C3-86A9F45CD60F}"
EndProject
Global
	GlobalSection(SolutionConfigurationPlatforms) = preSolution
		Debug|Any CPU = Debug|Any CPU
		Release|Any CPU = Release|Any CPU
	EndGlobalSection
	GlobalSection(ProjectConfigurationPlatforms) = postSolution
		{9521920E-A3D1-01C8-0D29-8FF8E759F64F}.Debug|Any CPU.ActiveCfg = Debug|Any CPU
		{9521920E-A3D1-01C8-0D29-8FF8E759F64F}.Debug|Any CPU.Build.0 = Debug|Any CPU
		{9521920E-A3D1-01C8-0D29-8FF8E759F64F}.Release|Any CPU.ActiveCfg = Release|Any CPU
		{9521920E-A3D1-01C8-0D29-8FF8E759F64F}.Release|Any CPU.Build.0 = Release|Any CPU
		{71CEB3C9-E6CE-22FA-A6C3-86A9F45CD60F}.Debug|Any CPU.ActiveCfg = Debug|Any CPU
		{71CEB3C9-E6CE-22FA-A6C3-86A9F45CD60F}.Debug|Any CPU.Build.0 = Debug|Any CPU
		{71CEB3C9-E6CE-22FA-A6C3-86A9F45CD60F}.Release|Any CPU.ActiveCfg = Release|Any CPU
		{71CEB3C9-E6CE-22FA-A6C3-86A9F45CD60F}.Release|Any CPU.Build.0 = Release|Any CPU
	EndGlobalSection
	GlobalSection(SolutionProperties) = preSolution
		HideSolutionNode = FALSE
	EndGlobalSection
																																																																										GlobalSection(MonoDevelopProperties) = preSolution
		StartupItem = Assembly-CSharp.csproj
		Policies = $0
		$0.TextStylePolicy = $1
		$1.inheritsSet = null
		$1.scope = text/x-csharp
		$0.CSharpFormattingPolicy = $2
		$2.inheritsSet = Mono
		$2.inheritsScope = text/x-csharp
		$2.scope = text/x-csharp
		$0.TextStylePolicy = $3
		$3.FileWidth = 120
		$3.TabWidth = 4
		$3.EolMarker = Unix
		$3.inheritsSet = Mono
		$3.inheritsScope = text/plain
		$3.scope = text/plain
	EndGlobalSection

EndGlobal
